
Microsoft Visual Studio Solution File, Format Version 12.00
# Visual Studio Version 17
VisualStudioVersion = 17.14.36705.20
MinimumVisualStudioVersion = 10.0.40219.1
Project("{FAE04EC0-301F-11D3-BF4B-00C04F79EFBC}") = "Presentationslagret", "..\Presentationslagret\Presentationslagret.csproj", "{155A7103-2773-4045-BBB5-15F27CDC27D5}"
EndProject
Project("{FAE04EC0-301F-11D3-BF4B-00C04F79EFBC}") = "Affärslagret", "..\Affärslagret\Affärslagret.csproj", "{F828647F-762D-4BE1-8DC0-95F6BD09C9F5}"
EndProject
Project("{FAE04EC0-301F-11D3-BF4B-00C04F79EFBC}") = "Datalagret", "..\Datalagret\Datalagret.csproj", "{8A901349-93BF-4F3A-A9EF-C83031C3F960}"
EndProject
Project("{FAE04EC0-301F-11D3-BF4B-00C04F79EFBC}") = "Modeller", "..\Modeller\Modeller.csproj", "{5B7DBC43-3561-4EA6-A220-B3E99B09E19A}"
EndProject
Global
	GlobalSection(SolutionConfigurationPlatforms) = preSolution
		Debug|Any CPU = Debug|Any CPU
		Release|Any CPU = Release|Any CPU
	EndGlobalSection
	GlobalSection(ProjectConfigurationPlatforms) = postSolution
		{155A7103-2773-4045-BBB5-15F27CDC27D5}.Debug|Any CPU.ActiveCfg = Debug|Any CPU
		{155A7103-2773-4045-BBB5-15F27CDC27D5}.Debug|Any CPU.Build.0 = Debug|Any CPU
		{155A7103-2773-4045-BBB5-15F27CDC27D5}.Release|Any CPU.ActiveCfg = Release|Any CPU
		{155A7103-2773-4045-BBB5-15F27CDC27D5}.Release|Any CPU.Build.0 = Release|Any CPU
		{F828647F-762D-4BE1-8DC0-95F6BD09C9F5}.Debug|Any CPU.ActiveCfg = Debug|Any CPU
		{F828647F-762D-4BE1-8DC0-95F6BD09C9F5}.Debug|Any CPU.Build.0 = Debug|Any CPU
		{F828647F-762D-4BE1-8DC0-95F6BD09C9F5}.Release|Any CPU.ActiveCfg = Release|Any CPU
		{F828647F-762D-4BE1-8DC0-95F6BD09C9F5}.Release|Any CPU.Build.0 = Release|Any CPU
		{8A901349-93BF-4F3A-A9EF-C83031C3F960}.Debug|Any CPU.ActiveCfg = Debug|Any CPU
		{8A901349-93BF-4F3A-A9EF-C83031C3F960}.Debug|Any CPU.Build.0 = Debug|Any CPU
		{8A901349-93BF-4F3A-A9EF-C83031C3F960}.Release|Any CPU.ActiveCfg = Release|Any CPU
		{8A901349-93BF-4F3A-A9EF-C83031C3F960}.Release|Any CPU.Build.0 = Release|Any CPU
		{5B7DBC43-3561-4EA6-A220-B3E99B09E19A}.Debug|Any CPU.ActiveCfg = Debug|Any CPU
		{5B7DBC43-3561-4EA6-A220-B3E99B09E19A}.Debug|Any CPU.Build.0 = Debug|Any CPU
		{5B7DBC43-3561-4EA6-A220-B3E99B09E19A}.Release|Any CPU.ActiveCfg = Release|Any CPU
		{5B7DBC43-3561-4EA6-A220-B3E99B09E19A}.Release|Any CPU.Build.0 = Release|Any CPU
	EndGlobalSection
	GlobalSection(SolutionProperties) = preSolution
		HideSolutionNode = FALSE
	EndGlobalSection
	GlobalSection(ExtensibilityGlobals) = postSolution
		SolutionGuid = {2425734B-5A01-4B87-BFEE-0296F5E19DB2}
	EndGlobalSection
EndGlobal
